// !$*UTF8*$!
{
	archiveVersion = 1;
	classes = {
	};
	objectVersion = 50;
	objects = {

/* Begin PBXBuildFile section */
		226188C721AA9FB8005BED48 /* KeychainPasswordItem.swift in Sources */ = {isa = PBXBuildFile; fileRef = 226188C621AA9FB8005BED48 /* KeychainPasswordItem.swift */; };
		226BD80821AA87B80085B645 /* AppDelegate.swift in Sources */ = {isa = PBXBuildFile; fileRef = 226BD80721AA87B80085B645 /* AppDelegate.swift */; };
		226BD80A21AA87B80085B645 /* ViewController.swift in Sources */ = {isa = PBXBuildFile; fileRef = 226BD80921AA87B80085B645 /* ViewController.swift */; };
		226BD80D21AA87B80085B645 /* Main.storyboard in Resources */ = {isa = PBXBuildFile; fileRef = 226BD80B21AA87B80085B645 /* Main.storyboard */; };
		226BD80F21AA87B90085B645 /* Assets.xcassets in Resources */ = {isa = PBXBuildFile; fileRef = 226BD80E21AA87B90085B645 /* Assets.xcassets */; };
		226BD81221AA87B90085B645 /* LaunchScreen.storyboard in Resources */ = {isa = PBXBuildFile; fileRef = 226BD81021AA87B90085B645 /* LaunchScreen.storyboard */; };
		226BD81D21AA87B90085B645 /* Proj1Tests.swift in Sources */ = {isa = PBXBuildFile; fileRef = 226BD81C21AA87B90085B645 /* Proj1Tests.swift */; };
		226BD82821AA87B90085B645 /* Proj1UITests.swift in Sources */ = {isa = PBXBuildFile; fileRef = 226BD82721AA87B90085B645 /* Proj1UITests.swift */; };
		226BD83621AA87F50085B645 /* Contact.swift in Sources */ = {isa = PBXBuildFile; fileRef = 226BD83521AA87F50085B645 /* Contact.swift */; };
		226BD83821AA8E5A0085B645 /* Settings.bundle in Resources */ = {isa = PBXBuildFile; fileRef = 226BD83721AA8E5A0085B645 /* Settings.bundle */; };
/* End PBXBuildFile section */

/* Begin PBXContainerItemProxy section */
		226BD81921AA87B90085B645 /* PBXContainerItemProxy */ = {
			isa = PBXContainerItemProxy;
			containerPortal = 226BD7FC21AA87B80085B645 /* Project object */;
			proxyType = 1;
			remoteGlobalIDString = 226BD80321AA87B80085B645;
			remoteInfo = Proj1;
		};
		226BD82421AA87B90085B645 /* PBXContainerItemProxy */ = {
			isa = PBXContainerItemProxy;
			containerPortal = 226BD7FC21AA87B80085B645 /* Project object */;
			proxyType = 1;
			remoteGlobalIDString = 226BD80321AA87B80085B645;
			remoteInfo = Proj1;
		};
/* End PBXContainerItemProxy section */

/* Begin PBXFileReference section */
		226188C621AA9FB8005BED48 /* KeychainPasswordItem.swift */ = {isa = PBXFileReference; lastKnownFileType = sourcecode.swift; path = KeychainPasswordItem.swift; sourceTree = "<group>"; };
		226BD80421AA87B80085B645 /* Proj1.app */ = {isa = PBXFileReference; explicitFileType = wrapper.application; includeInIndex = 0; path = Proj1.app; sourceTree = BUILT_PRODUCTS_DIR; };
		226BD80721AA87B80085B645 /* AppDelegate.swift */ = {isa = PBXFileReference; lastKnownFileType = sourcecode.swift; path = AppDelegate.swift; sourceTree = "<group>"; };
		226BD80921AA87B80085B645 /* ViewController.swift */ = {isa = PBXFileReference; lastKnownFileType = sourcecode.swift; path = ViewController.swift; sourceTree = "<group>"; };
		226BD80C21AA87B80085B645 /* Base */ = {isa = PBXFileReference; lastKnownFileType = file.storyboard; name = Base; path = Base.lproj/Main.storyboard; sourceTree = "<group>"; };
		226BD80E21AA87B90085B645 /* Assets.xcassets */ = {isa = PBXFileReference; lastKnownFileType = folder.assetcatalog; path = Assets.xcassets; sourceTree = "<group>"; };
		226BD81121AA87B90085B645 /* Base */ = {isa = PBXFileReference; lastKnownFileType = file.storyboard; name = Base; path = Base.lproj/LaunchScreen.storyboard; sourceTree = "<group>"; };
		226BD81321AA87B90085B645 /* Info.plist */ = {isa = PBXFileReference; lastKnownFileType = text.plist.xml; path = Info.plist; sourceTree = "<group>"; };
		226BD81821AA87B90085B645 /* Proj1Tests.xctest */ = {isa = PBXFileReference; explicitFileType = wrapper.cfbundle; includeInIndex = 0; path = Proj1Tests.xctest; sourceTree = BUILT_PRODUCTS_DIR; };
		226BD81C21AA87B90085B645 /* Proj1Tests.swift */ = {isa = PBXFileReference; lastKnownFileType = sourcecode.swift; path = Proj1Tests.swift; sourceTree = "<group>"; };
		226BD81E21AA87B90085B645 /* Info.plist */ = {isa = PBXFileReference; lastKnownFileType = text.plist.xml; path = Info.plist; sourceTree = "<group>"; };
		226BD82321AA87B90085B645 /* Proj1UITests.xctest */ = {isa = PBXFileReference; explicitFileType = wrapper.cfbundle; includeInIndex = 0; path = Proj1UITests.xctest; sourceTree = BUILT_PRODUCTS_DIR; };
		226BD82721AA87B90085B645 /* Proj1UITests.swift */ = {isa = PBXFileReference; lastKnownFileType = sourcecode.swift; path = Proj1UITests.swift; sourceTree = "<group>"; };
		226BD82921AA87B90085B645 /* Info.plist */ = {isa = PBXFileReference; lastKnownFileType = text.plist.xml; path = Info.plist; sourceTree = "<group>"; };
		226BD83521AA87F50085B645 /* Contact.swift */ = {isa = PBXFileReference; lastKnownFileType = sourcecode.swift; path = Contact.swift; sourceTree = "<group>"; };
		226BD83721AA8E5A0085B645 /* Settings.bundle */ = {isa = PBXFileReference; lastKnownFileType = "wrapper.plug-in"; path = Settings.bundle; sourceTree = "<group>"; };
/* End PBXFileReference section */

/* Begin PBXFrameworksBuildPhase section */
		226BD80121AA87B80085B645 /* Frameworks */ = {
			isa = PBXFrameworksBuildPhase;
			buildActionMask = 2147483647;
			files = (
			);
			runOnlyForDeploymentPostprocessing = 0;
		};
		226BD81521AA87B90085B645 /* Frameworks */ = {
			isa = PBXFrameworksBuildPhase;
			buildActionMask = 2147483647;
			files = (
			);
			runOnlyForDeploymentPostprocessing = 0;
		};
		226BD82021AA87B90085B645 /* Frameworks */ = {
			isa = PBXFrameworksBuildPhase;
			buildActionMask = 2147483647;
			files = (
			);
			runOnlyForDeploymentPostprocessing = 0;
		};
/* End PBXFrameworksBuildPhase section */

/* Begin PBXGroup section */
		226BD7FB21AA87B80085B645 = {
			isa = PBXGroup;
			children = (
				226BD80621AA87B80085B645 /* Proj1 */,
				226BD81B21AA87B90085B645 /* Proj1Tests */,
				226BD82621AA87B90085B645 /* Proj1UITests */,
				226BD80521AA87B80085B645 /* Products */,
			);
			sourceTree = "<group>";
		};
		226BD80521AA87B80085B645 /* Products */ = {
			isa = PBXGroup;
			children = (
				226BD80421AA87B80085B645 /* Proj1.app */,
				226BD81821AA87B90085B645 /* Proj1Tests.xctest */,
				226BD82321AA87B90085B645 /* Proj1UITests.xctest */,
			);
			name = Products;
			sourceTree = "<group>";
		};
		226BD80621AA87B80085B645 /* Proj1 */ = {
			isa = PBXGroup;
			children = (
				226188C621AA9FB8005BED48 /* KeychainPasswordItem.swift */,
				226BD80721AA87B80085B645 /* AppDelegate.swift */,
				226BD80921AA87B80085B645 /* ViewController.swift */,
				226BD80B21AA87B80085B645 /* Main.storyboard */,
				226BD80E21AA87B90085B645 /* Assets.xcassets */,
				226BD81021AA87B90085B645 /* LaunchScreen.storyboard */,
				226BD81321AA87B90085B645 /* Info.plist */,
				226BD83521AA87F50085B645 /* Contact.swift */,
				226BD83721AA8E5A0085B645 /* Settings.bundle */,
			);
			path = Proj1;
			sourceTree = "<group>";
		};
		226BD81B21AA87B90085B645 /* Proj1Tests */ = {
			isa = PBXGroup;
			children = (
				226BD81C21AA87B90085B645 /* Proj1Tests.swift */,
				226BD81E21AA87B90085B645 /* Info.plist */,
			);
			path = Proj1Tests;
			sourceTree = "<group>";
		};
		226BD82621AA87B90085B645 /* Proj1UITests */ = {
			isa = PBXGroup;
			children = (
				226BD82721AA87B90085B645 /* Proj1UITests.swift */,
				226BD82921AA87B90085B645 /* Info.plist */,
			);
			path = Proj1UITests;
			sourceTree = "<group>";
		};
/* End PBXGroup section */

/* Begin PBXNativeTarget section */
		226BD80321AA87B80085B645 /* Proj1 */ = {
			isa = PBXNativeTarget;
			buildConfigurationList = 226BD82C21AA87B90085B645 /* Build configuration list for PBXNativeTarget "Proj1" */;
			buildPhases = (
				226BD80021AA87B80085B645 /* Sources */,
				226BD80121AA87B80085B645 /* Frameworks */,
				226BD80221AA87B80085B645 /* Resources */,
			);
			buildRules = (
			);
			dependencies = (
			);
			name = Proj1;
			productName = Proj1;
			productReference = 226BD80421AA87B80085B645 /* Proj1.app */;
			productType = "com.apple.product-type.application";
		};
		226BD81721AA87B90085B645 /* Proj1Tests */ = {
			isa = PBXNativeTarget;
			buildConfigurationList = 226BD82F21AA87B90085B645 /* Build configuration list for PBXNativeTarget "Proj1Tests" */;
			buildPhases = (
				226BD81421AA87B90085B645 /* Sources */,
				226BD81521AA87B90085B645 /* Frameworks */,
				226BD81621AA87B90085B645 /* Resources */,
			);
			buildRules = (
			);
			dependencies = (
				226BD81A21AA87B90085B645 /* PBXTargetDependency */,
			);
			name = Proj1Tests;
			productName = Proj1Tests;
			productReference = 226BD81821AA87B90085B645 /* Proj1Tests.xctest */;
			productType = "com.apple.product-type.bundle.unit-test";
		};
		226BD82221AA87B90085B645 /* Proj1UITests */ = {
			isa = PBXNativeTarget;
			buildConfigurationList = 226BD83221AA87B90085B645 /* Build configuration list for PBXNativeTarget "Proj1UITests" */;
			buildPhases = (
				226BD81F21AA87B90085B645 /* Sources */,
				226BD82021AA87B90085B645 /* Frameworks */,
				226BD82121AA87B90085B645 /* Resources */,
			);
			buildRules = (
			);
			dependencies = (
				226BD82521AA87B90085B645 /* PBXTargetDependency */,
			);
			name = Proj1UITests;
			productName = Proj1UITests;
			productReference = 226BD82321AA87B90085B645 /* Proj1UITests.xctest */;
			productType = "com.apple.product-type.bundle.ui-testing";
		};
/* End PBXNativeTarget section */

/* Begin PBXProject section */
		226BD7FC21AA87B80085B645 /* Project object */ = {
			isa = PBXProject;
			attributes = {
				LastSwiftUpdateCheck = 1010;
				LastUpgradeCheck = 1010;
				ORGANIZATIONNAME = "Miko Stern";
				TargetAttributes = {
					226BD80321AA87B80085B645 = {
						CreatedOnToolsVersion = 10.1;
					};
					226BD81721AA87B90085B645 = {
						CreatedOnToolsVersion = 10.1;
						TestTargetID = 226BD80321AA87B80085B645;
					};
					226BD82221AA87B90085B645 = {
						CreatedOnToolsVersion = 10.1;
						TestTargetID = 226BD80321AA87B80085B645;
					};
				};
			};
			buildConfigurationList = 226BD7FF21AA87B80085B645 /* Build configuration list for PBXProject "Proj1" */;
			compatibilityVersion = "Xcode 9.3";
			developmentRegion = en;
			hasScannedForEncodings = 0;
			knownRegions = (
				en,
				Base,
			);
			mainGroup = 226BD7FB21AA87B80085B645;
			productRefGroup = 226BD80521AA87B80085B645 /* Products */;
			projectDirPath = "";
			projectRoot = "";
			targets = (
				226BD80321AA87B80085B645 /* Proj1 */,
				226BD81721AA87B90085B645 /* Proj1Tests */,
				226BD82221AA87B90085B645 /* Proj1UITests */,
			);
		};
/* End PBXProject section */

/* Begin PBXResourcesBuildPhase section */
		226BD80221AA87B80085B645 /* Resources */ = {
			isa = PBXResourcesBuildPhase;
			buildActionMask = 2147483647;
			files = (
				226BD83821AA8E5A0085B645 /* Settings.bundle in Resources */,
				226BD81221AA87B90085B645 /* LaunchScreen.storyboard in Resources */,
				226BD80F21AA87B90085B645 /* Assets.xcassets in Resources */,
				226BD80D21AA87B80085B645 /* Main.storyboard in Resources */,
			);
			runOnlyForDeploymentPostprocessing = 0;
		};
		226BD81621AA87B90085B645 /* Resources */ = {
			isa = PBXResourcesBuildPhase;
			buildActionMask = 2147483647;
			files = (
			);
			runOnlyForDeploymentPostprocessing = 0;
		};
		226BD82121AA87B90085B645 /* Resources */ = {
			isa = PBXResourcesBuildPhase;
			buildActionMask = 2147483647;
			files = (
			);
			runOnlyForDeploymentPostprocessing = 0;
		};
/* End PBXResourcesBuildPhase section */

/* Begin PBXSourcesBuildPhase section */
		226BD80021AA87B80085B645 /* Sources */ = {
			isa = PBXSourcesBuildPhase;
			buildActionMask = 2147483647;
			files = (
				226BD83621AA87F50085B645 /* Contact.swift in Sources */,
				226BD80A21AA87B80085B645 /* ViewController.swift in Sources */,
				226BD80821AA87B80085B645 /* AppDelegate.swift in Sources */,
				226188C721AA9FB8005BED48 /* KeychainPasswordItem.swift in Sources */,
			);
			runOnlyForDeploymentPostprocessing = 0;
		};
		226BD81421AA87B90085B645 /* Sources */ = {
			isa = PBXSourcesBuildPhase;
			buildActionMask = 2147483647;
			files = (
				226BD81D21AA87B90085B645 /* Proj1Tests.swift in Sources */,
			);
			runOnlyForDeploymentPostprocessing = 0;
		};
		226BD81F21AA87B90085B645 /* Sources */ = {
			isa = PBXSourcesBuildPhase;
			buildActionMask = 2147483647;
			files = (
				226BD82821AA87B90085B645 /* Proj1UITests.swift in Sources */,
			);
			runOnlyForDeploymentPostprocessing = 0;
		};
/* End PBXSourcesBuildPhase section */

/* Begin PBXTargetDependency section */
		226BD81A21AA87B90085B645 /* PBXTargetDependency */ = {
			isa = PBXTargetDependency;
			target = 226BD80321AA87B80085B645 /* Proj1 */;
			targetProxy = 226BD81921AA87B90085B645 /* PBXContainerItemProxy */;
		};
		226BD82521AA87B90085B645 /* PBXTargetDependency */ = {
			isa = PBXTargetDependency;
			target = 226BD80321AA87B80085B645 /* Proj1 */;
			targetProxy = 226BD82421AA87B90085B645 /* PBXContainerItemProxy */;
		};
/* End PBXTargetDependency section */

/* Begin PBXVariantGroup section */
		226BD80B21AA87B80085B645 /* Main.storyboard */ = {
			isa = PBXVariantGroup;
			children = (
				226BD80C21AA87B80085B645 /* Base */,
			);
			name = Main.storyboard;
			sourceTree = "<group>";
		};
		226BD81021AA87B90085B645 /* LaunchScreen.storyboard */ = {
			isa = PBXVariantGroup;
			children = (
				226BD81121AA87B90085B645 /* Base */,
			);
			name = LaunchScreen.storyboard;
			sourceTree = "<group>";
		};
/* End PBXVariantGroup section */

/* Begin XCBuildConfiguration section */
		226BD82A21AA87B90085B645 /* Debug */ = {
			isa = XCBuildConfiguration;
			buildSettings = {
				ALWAYS_SEARCH_USER_PATHS = NO;
				CLANG_ANALYZER_NONNULL = YES;
				CLANG_ANALYZER_NUMBER_OBJECT_CONVERSION = YES_AGGRESSIVE;
				CLANG_CXX_LANGUAGE_STANDARD = "gnu++14";
				CLANG_CXX_LIBRARY = "libc++";
				CLANG_ENABLE_MODULES = YES;
				CLANG_ENABLE_OBJC_ARC = YES;
				CLANG_ENABLE_OBJC_WEAK = YES;
				CLANG_WARN_BLOCK_CAPTURE_AUTORELEASING = YES;
				CLANG_WARN_BOOL_CONVERSION = YES;
				CLANG_WARN_COMMA = YES;
				CLANG_WARN_CONSTANT_CONVERSION = YES;
				CLANG_WARN_DEPRECATED_OBJC_IMPLEMENTATIONS = YES;
				CLANG_WARN_DIRECT_OBJC_ISA_USAGE = YES_ERROR;
				CLANG_WARN_DOCUMENTATION_COMMENTS = YES;
				CLANG_WARN_EMPTY_BODY = YES;
				CLANG_WARN_ENUM_CONVERSION = YES;
				CLANG_WARN_INFINITE_RECURSION = YES;
				CLANG_WARN_INT_CONVERSION = YES;
				CLANG_WARN_NON_LITERAL_NULL_CONVERSION = YES;
				CLANG_WARN_OBJC_IMPLICIT_RETAIN_SELF = YES;
				CLANG_WARN_OBJC_LITERAL_CONVERSION = YES;
				CLANG_WARN_OBJC_ROOT_CLASS = YES_ERROR;
				CLANG_WARN_RANGE_LOOP_ANALYSIS = YES;
				CLANG_WARN_STRICT_PROTOTYPES = YES;
				CLANG_WARN_SUSPICIOUS_MOVE = YES;
				CLANG_WARN_UNGUARDED_AVAILABILITY = YES_AGGRESSIVE;
				CLANG_WARN_UNREACHABLE_CODE = YES;
				CLANG_WARN__DUPLICATE_METHOD_MATCH = YES;
				CODE_SIGN_IDENTITY = "iPhone Developer";
				COPY_PHASE_STRIP = NO;
				DEBUG_INFORMATION_FORMAT = dwarf;
				ENABLE_STRICT_OBJC_MSGSEND = YES;
				ENABLE_TESTABILITY = YES;
				GCC_C_LANGUAGE_STANDARD = gnu11;
				GCC_DYNAMIC_NO_PIC = NO;
				GCC_NO_COMMON_BLOCKS = YES;
				GCC_OPTIMIZATION_LEVEL = 0;
				GCC_PREPROCESSOR_DEFINITIONS = (
					"DEBUG=1",
					"$(inherited)",
				);
				GCC_WARN_64_TO_32_BIT_CONVERSION = YES;
				GCC_WARN_ABOUT_RETURN_TYPE = YES_ERROR;
				GCC_WARN_UNDECLARED_SELECTOR = YES;
				GCC_WARN_UNINITIALIZED_AUTOS = YES_AGGRESSIVE;
				GCC_WARN_UNUSED_FUNCTION = YES;
				GCC_WARN_UNUSED_VARIABLE = YES;
				IPHONEOS_DEPLOYMENT_TARGET = 12.1;
				MTL_ENABLE_DEBUG_INFO = INCLUDE_SOURCE;
				MTL_FAST_MATH = YES;
				ONLY_ACTIVE_ARCH = YES;
				SDKROOT = iphoneos;
				SWIFT_ACTIVE_COMPILATION_CONDITIONS = DEBUG;
				SWIFT_OPTIMIZATION_LEVEL = "-Onone";
			};
			name = Debug;
		};
		226BD82B21AA87B90085B645 /* Release */ = {
			isa = XCBuildConfiguration;
			buildSettings = {
				ALWAYS_SEARCH_USER_PATHS = NO;
				CLANG_ANALYZER_NONNULL = YES;
				CLANG_ANALYZER_NUMBER_OBJECT_CONVERSION = YES_AGGRESSIVE;
				CLANG_CXX_LANGUAGE_STANDARD = "gnu++14";
				CLANG_CXX_LIBRARY = "libc++";
				CLANG_ENABLE_MODULES = YES;
				CLANG_ENABLE_OBJC_ARC = YES;
				CLANG_ENABLE_OBJC_WEAK = YES;
				CLANG_WARN_BLOCK_CAPTURE_AUTORELEASING = YES;
				CLANG_WARN_BOOL_CONVERSION = YES;
				CLANG_WARN_COMMA = YES;
				CLANG_WARN_CONSTANT_CONVERSION = YES;
				CLANG_WARN_DEPRECATED_OBJC_IMPLEMENTATIONS = YES;
				CLANG_WARN_DIRECT_OBJC_ISA_USAGE = YES_ERROR;
				CLANG_WARN_DOCUMENTATION_COMMENTS = YES;
				CLANG_WARN_EMPTY_BODY = YES;
				CLANG_WARN_ENUM_CONVERSION = YES;
				CLANG_WARN_INFINITE_RECURSION = YES;
				CLANG_WARN_INT_CONVERSION = YES;
				CLANG_WARN_NON_LITERAL_NULL_CONVERSION = YES;
				CLANG_WARN_OBJC_IMPLICIT_RETAIN_SELF = YES;
				CLANG_WARN_OBJC_LITERAL_CONVERSION = YES;
				CLANG_WARN_OBJC_ROOT_CLASS = YES_ERROR;
				CLANG_WARN_RANGE_LOOP_ANALYSIS = YES;
				CLANG_WARN_STRICT_PROTOTYPES = YES;
				CLANG_WARN_SUSPICIOUS_MOVE = YES;
				CLANG_WARN_UNGUARDED_AVAILABILITY = YES_AGGRESSIVE;
				CLANG_WARN_UNREACHABLE_CODE = YES;
				CLANG_WARN__DUPLICATE_METHOD_MATCH = YES;
				CODE_SIGN_IDENTITY = "iPhone Developer";
				COPY_PHASE_STRIP = NO;
				DEBUG_INFORMATION_FORMAT = "dwarf-with-dsym";
				ENABLE_NS_ASSERTIONS = NO;
				ENABLE_STRICT_OBJC_MSGSEND = YES;
				GCC_C_LANGUAGE_STANDARD = gnu11;
				GCC_NO_COMMON_BLOCKS = YES;
				GCC_WARN_64_TO_32_BIT_CONVERSION = YES;
				GCC_WARN_ABOUT_RETURN_TYPE = YES_ERROR;
				GCC_WARN_UNDECLARED_SELECTOR = YES;
				GCC_WARN_UNINITIALIZED_AUTOS = YES_AGGRESSIVE;
				GCC_WARN_UNUSED_FUNCTION = YES;
				GCC_WARN_UNUSED_VARIABLE = YES;
				IPHONEOS_DEPLOYMENT_TARGET = 12.1;
				MTL_ENABLE_DEBUG_INFO = NO;
				MTL_FAST_MATH = YES;
				SDKROOT = iphoneos;
				SWIFT_COMPILATION_MODE = wholemodule;
				SWIFT_OPTIMIZATION_LEVEL = "-O";
				VALIDATE_PRODUCT = YES;
			};
			name = Release;
		};
		226BD82D21AA87B90085B645 /* Debug */ = {
			isa = XCBuildConfiguration;
			buildSettings = {
				ASSETCATALOG_COMPILER_APPICON_NAME = AppIcon;
				CODE_SIGN_STYLE = Automatic;
				INFOPLIST_FILE = Proj1/Info.plist;
				LD_RUNPATH_SEARCH_PATHS = (
					"$(inherited)",
					"@executable_path/Frameworks",
				);
				PRODUCT_BUNDLE_IDENTIFIER = miko.Proj1;
				PRODUCT_NAME = "$(TARGET_NAME)";
				SWIFT_VERSION = 4.2;
				TARGETED_DEVICE_FAMILY = "1,2";
			};
			name = Debug;
		};
		226BD82E21AA87B90085B645 /* Release */ = {
			isa = XCBuildConfiguration;
			buildSettings = {
				ASSETCATALOG_COMPILER_APPICON_NAME = AppIcon;
				CODE_SIGN_STYLE = Automatic;
				INFOPLIST_FILE = Proj1/Info.plist;
				LD_RUNPATH_SEARCH_PATHS = (
					"$(inherited)",
					"@executable_path/Frameworks",
				);
				PRODUCT_BUNDLE_IDENTIFIER = miko.Proj1;
				PRODUCT_NAME = "$(TARGET_NAME)";
				SWIFT_VERSION = 4.2;
				TARGETED_DEVICE_FAMILY = "1,2";
			};
			name = Release;
		};
		226BD83021AA87B90085B645 /* Debug */ = {
			isa = XCBuildConfiguration;
			buildSettings = {
				ALWAYS_EMBED_SWIFT_STANDARD_LIBRARIES = YES;
				BUNDLE_LOADER = "$(TEST_HOST)";
				CODE_SIGN_STYLE = Automatic;
				INFOPLIST_FILE = Proj1Tests/Info.plist;
				LD_RUNPATH_SEARCH_PATHS = (
					"$(inherited)",
					"@executable_path/Frameworks",
					"@loader_path/Frameworks",
				);
				PRODUCT_BUNDLE_IDENTIFIER = miko.Proj1Tests;
				PRODUCT_NAME = "$(TARGET_NAME)";
				SWIFT_VERSION = 4.2;
				TARGETED_DEVICE_FAMILY = "1,2";
				TEST_HOST = "$(BUILT_PRODUCTS_DIR)/Proj1.app/Proj1";
			};
			name = Debug;
		};
		226BD83121AA87B90085B645 /* Release */ = {
			isa = XCBuildConfiguration;
			buildSettings = {
				ALWAYS_EMBED_SWIFT_STANDARD_LIBRARIES = YES;
				BUNDLE_LOADER = "$(TEST_HOST)";
				CODE_SIGN_STYLE = Automatic;
				INFOPLIST_FILE = Proj1Tests/Info.plist;
				LD_RUNPATH_SEARCH_PATHS = (
					"$(inherited)",
					"@executable_path/Frameworks",
					"@loader_path/Frameworks",
				);
				PRODUCT_BUNDLE_IDENTIFIER = miko.Proj1Tests;
				PRODUCT_NAME = "$(TARGET_NAME)";
				SWIFT_VERSION = 4.2;
				TARGETED_DEVICE_FAMILY = "1,2";
				TEST_HOST = "$(BUILT_PRODUCTS_DIR)/Proj1.app/Proj1";
			};
			name = Release;
		};
		226BD83321AA87B90085B645 /* Debug */ = {
			isa = XCBuildConfiguration;
			buildSettings = {
				ALWAYS_EMBED_SWIFT_STANDARD_LIBRARIES = YES;
				CODE_SIGN_STYLE = Automatic;
				INFOPLIST_FILE = Proj1UITests/Info.plist;
				LD_RUNPATH_SEARCH_PATHS = (
					"$(inherited)",
					"@executable_path/Frameworks",
					"@loader_path/Frameworks",
				);
				PRODUCT_BUNDLE_IDENTIFIER = miko.Proj1UITests;
				PRODUCT_NAME = "$(TARGET_NAME)";
				SWIFT_VERSION = 4.2;
				TARGETED_DEVICE_FAMILY = "1,2";
				TEST_TARGET_NAME = Proj1;
			};
			name = Debug;
		};
		226BD83421AA87B90085B645 /* Release */ = {
			isa = XCBuildConfiguration;
			buildSettings = {
				ALWAYS_EMBED_SWIFT_STANDARD_LIBRARIES = YES;
				CODE_SIGN_STYLE = Automatic;
				INFOPLIST_FILE = Proj1UITests/Info.plist;
				LD_RUNPATH_SEARCH_PATHS = (
					"$(inherited)",
					"@executable_path/Frameworks",
					"@loader_path/Frameworks",
				);
				PRODUCT_BUNDLE_IDENTIFIER = miko.Proj1UITests;
				PRODUCT_NAME = "$(TARGET_NAME)";
				SWIFT_VERSION = 4.2;
				TARGETED_DEVICE_FAMILY = "1,2";
				TEST_TARGET_NAME = Proj1;
			};
			name = Release;
		};
/* End XCBuildConfiguration section */

/* Begin XCConfigurationList section */
		226BD7FF21AA87B80085B645 /* Build configuration list for PBXProject "Proj1" */ = {
			isa = XCConfigurationList;
			buildConfigurations = (
				226BD82A21AA87B90085B645 /* Debug */,
				226BD82B21AA87B90085B645 /* Release */,
			);
			defaultConfigurationIsVisible = 0;
			defaultConfigurationName = Release;
		};
		226BD82C21AA87B90085B645 /* Build configuration list for PBXNativeTarget "Proj1" */ = {
			isa = XCConfigurationList;
			buildConfigurations = (
				226BD82D21AA87B90085B645 /* Debug */,
				226BD82E21AA87B90085B645 /* Release */,
			);
			defaultConfigurationIsVisible = 0;
			defaultConfigurationName = Release;
		};
		226BD82F21AA87B90085B645 /* Build configuration list for PBXNativeTarget "Proj1Tests" */ = {
			isa = XCConfigurationList;
			buildConfigurations = (
				226BD83021AA87B90085B645 /* Debug */,
				226BD83121AA87B90085B645 /* Release */,
			);
			defaultConfigurationIsVisible = 0;
			defaultConfigurationName = Release;
		};
		226BD83221AA87B90085B645 /* Build configuration list for PBXNativeTarget "Proj1UITests" */ = {
			isa = XCConfigurationList;
			buildConfigurations = (
				226BD83321AA87B90085B645 /* Debug */,
				226BD83421AA87B90085B645 /* Release */,
			);
			defaultConfigurationIsVisible = 0;
			defaultConfigurationName = Release;
		};
/* End XCConfigurationList section */
	};
	rootObject = 226BD7FC21AA87B80085B645 /* Project object */;
}
